// !$*UTF8*$!
{
	archiveVersion = 1;
	classes = {
	};
	objectVersion = 55;
	objects = {

/* Begin PBXBuildFile section */
		418FA6A827B4058300ABEC96 /* AppDelegate.swift in Sources */ = {isa = PBXBuildFile; fileRef = 418FA6A727B4058300ABEC96 /* AppDelegate.swift */; };
		418FA6AA27B4058300ABEC96 /* SceneDelegate.swift in Sources */ = {isa = PBXBuildFile; fileRef = 418FA6A927B4058300ABEC96 /* SceneDelegate.swift */; };
		418FA6AF27B4058300ABEC96 /* Main.storyboard in Resources */ = {isa = PBXBuildFile; fileRef = 418FA6AD27B4058300ABEC96 /* Main.storyboard */; };
		418FA6B127B4058500ABEC96 /* Assets.xcassets in Resources */ = {isa = PBXBuildFile; fileRef = 418FA6B027B4058500ABEC96 /* Assets.xcassets */; };
		418FA6B427B4058500ABEC96 /* LaunchScreen.storyboard in Resources */ = {isa = PBXBuildFile; fileRef = 418FA6B227B4058500ABEC96 /* LaunchScreen.storyboard */; };
		41990FB227B4C9EF0093B4DB /* Movie.swift in Sources */ = {isa = PBXBuildFile; fileRef = 41990FB127B4C9EF0093B4DB /* Movie.swift */; };
		41990FB427B4CA170093B4DB /* NetworkController.swift in Sources */ = {isa = PBXBuildFile; fileRef = 41990FB327B4CA170093B4DB /* NetworkController.swift */; };
		41990FB627B4CA590093B4DB /* MovieListTableViewController.swift in Sources */ = {isa = PBXBuildFile; fileRef = 41990FB527B4CA590093B4DB /* MovieListTableViewController.swift */; };
		41990FB827B4CAAF0093B4DB /* MovieTableViewCell.swift in Sources */ = {isa = PBXBuildFile; fileRef = 41990FB727B4CAAF0093B4DB /* MovieTableViewCell.swift */; };
		41990FBA27B54E230093B4DB /* NetworkError.swift in Sources */ = {isa = PBXBuildFile; fileRef = 41990FB927B54E230093B4DB /* NetworkError.swift */; };
		D2804E8F27BC11A300D1CB7D /* MediaSearchViewModel.swift in Sources */ = {isa = PBXBuildFile; fileRef = D2804E8E27BC11A300D1CB7D /* MediaSearchViewModel.swift */; };
		D2DC8E9427BC08FE0009CEFE /* MediaSearchViewController.storyboard in Resources */ = {isa = PBXBuildFile; fileRef = D2DC8E9227BC08FE0009CEFE /* MediaSearchViewController.storyboard */; };
		D2DC8E9627BC09360009CEFE /* HomePageViewController.swift in Sources */ = {isa = PBXBuildFile; fileRef = D2DC8E9527BC09360009CEFE /* HomePageViewController.swift */; };
/* End PBXBuildFile section */

/* Begin PBXFileReference section */
		418FA6A427B4058300ABEC96 /* StatefulMovieDatabase.app */ = {isa = PBXFileReference; explicitFileType = wrapper.application; includeInIndex = 0; path = StatefulMovieDatabase.app; sourceTree = BUILT_PRODUCTS_DIR; };
		418FA6A727B4058300ABEC96 /* AppDelegate.swift */ = {isa = PBXFileReference; lastKnownFileType = sourcecode.swift; path = AppDelegate.swift; sourceTree = "<group>"; };
		418FA6A927B4058300ABEC96 /* SceneDelegate.swift */ = {isa = PBXFileReference; lastKnownFileType = sourcecode.swift; path = SceneDelegate.swift; sourceTree = "<group>"; };
		418FA6AE27B4058300ABEC96 /* Base */ = {isa = PBXFileReference; lastKnownFileType = file.storyboard; name = Base; path = Base.lproj/Main.storyboard; sourceTree = "<group>"; };
		418FA6B027B4058500ABEC96 /* Assets.xcassets */ = {isa = PBXFileReference; lastKnownFileType = folder.assetcatalog; path = Assets.xcassets; sourceTree = "<group>"; };
		418FA6B327B4058500ABEC96 /* Base */ = {isa = PBXFileReference; lastKnownFileType = file.storyboard; name = Base; path = Base.lproj/LaunchScreen.storyboard; sourceTree = "<group>"; };
		418FA6B527B4058500ABEC96 /* Info.plist */ = {isa = PBXFileReference; lastKnownFileType = text.plist.xml; path = Info.plist; sourceTree = "<group>"; };
		41990FB127B4C9EF0093B4DB /* Movie.swift */ = {isa = PBXFileReference; lastKnownFileType = sourcecode.swift; path = Movie.swift; sourceTree = "<group>"; };
		41990FB327B4CA170093B4DB /* NetworkController.swift */ = {isa = PBXFileReference; lastKnownFileType = sourcecode.swift; path = NetworkController.swift; sourceTree = "<group>"; };
		41990FB527B4CA590093B4DB /* MovieListTableViewController.swift */ = {isa = PBXFileReference; lastKnownFileType = sourcecode.swift; path = MovieListTableViewController.swift; sourceTree = "<group>"; };
		41990FB727B4CAAF0093B4DB /* MovieTableViewCell.swift */ = {isa = PBXFileReference; lastKnownFileType = sourcecode.swift; path = MovieTableViewCell.swift; sourceTree = "<group>"; };
		41990FB927B54E230093B4DB /* NetworkError.swift */ = {isa = PBXFileReference; lastKnownFileType = sourcecode.swift; path = NetworkError.swift; sourceTree = "<group>"; };
		D2804E8E27BC11A300D1CB7D /* MediaSearchViewModel.swift */ = {isa = PBXFileReference; lastKnownFileType = sourcecode.swift; path = MediaSearchViewModel.swift; sourceTree = "<group>"; };
		D2DC8E9327BC08FE0009CEFE /* Base */ = {isa = PBXFileReference; lastKnownFileType = file.storyboard; name = Base; path = StatefulMovieDatabase/Base.lproj/MediaSearchViewController.storyboard; sourceTree = "<group>"; };
		D2DC8E9527BC09360009CEFE /* HomePageViewController.swift */ = {isa = PBXFileReference; lastKnownFileType = sourcecode.swift; path = HomePageViewController.swift; sourceTree = "<group>"; };
/* End PBXFileReference section */

/* Begin PBXFrameworksBuildPhase section */
		418FA6A127B4058300ABEC96 /* Frameworks */ = {
			isa = PBXFrameworksBuildPhase;
			buildActionMask = 2147483647;
			files = (
			);
			runOnlyForDeploymentPostprocessing = 0;
		};
/* End PBXFrameworksBuildPhase section */

/* Begin PBXGroup section */
		418FA69B27B4058300ABEC96 = {
			isa = PBXGroup;
			children = (
				418FA6A627B4058300ABEC96 /* StatefulMovieDatabase */,
				418FA6A527B4058300ABEC96 /* Products */,
			);
			sourceTree = "<group>";
		};
		418FA6A527B4058300ABEC96 /* Products */ = {
			isa = PBXGroup;
			children = (
				418FA6A427B4058300ABEC96 /* StatefulMovieDatabase.app */,
			);
			name = Products;
			sourceTree = "<group>";
		};
		418FA6A627B4058300ABEC96 /* StatefulMovieDatabase */ = {
			isa = PBXGroup;
			children = (
				D2DC8E9727BC09B70009CEFE /* Views */,
				41990FAE27B4C9B70093B4DB /* Model */,
				41990FAF27B4C9C50093B4DB /* View */,
				41990FB027B4C9D30093B4DB /* Controller */,
				418FA6BB27B405AC00ABEC96 /* Supporting Files */,
				418FA6B227B4058500ABEC96 /* LaunchScreen.storyboard */,
			);
			path = StatefulMovieDatabase;
			sourceTree = "<group>";
		};
		418FA6BB27B405AC00ABEC96 /* Supporting Files */ = {
			isa = PBXGroup;
			children = (
				418FA6A727B4058300ABEC96 /* AppDelegate.swift */,
				418FA6A927B4058300ABEC96 /* SceneDelegate.swift */,
				418FA6B027B4058500ABEC96 /* Assets.xcassets */,
				418FA6B527B4058500ABEC96 /* Info.plist */,
			);
			path = "Supporting Files";
			sourceTree = "<group>";
		};
		41990FAE27B4C9B70093B4DB /* Model */ = {
			isa = PBXGroup;
			children = (
				41990FB127B4C9EF0093B4DB /* Movie.swift */,
			);
			path = Model;
			sourceTree = "<group>";
		};
		41990FAF27B4C9C50093B4DB /* View */ = {
			isa = PBXGroup;
			children = (
				D2630F6E27BC0FBD00E421C4 /* Search */,
				D2804E8D27BC107300D1CB7D /* Home */,
			);
			path = View;
			sourceTree = "<group>";
		};
		41990FB027B4C9D30093B4DB /* Controller */ = {
			isa = PBXGroup;
			children = (
				41990FB327B4CA170093B4DB /* NetworkController.swift */,
				41990FB927B54E230093B4DB /* NetworkError.swift */,
			);
			path = Controller;
			sourceTree = "<group>";
		};
		D2630F6E27BC0FBD00E421C4 /* Search */ = {
			isa = PBXGroup;
			children = (
				D2DC8E9227BC08FE0009CEFE /* MediaSearchViewController.storyboard */,
				41990FB527B4CA590093B4DB /* MovieListTableViewController.swift */,
				41990FB727B4CAAF0093B4DB /* MovieTableViewCell.swift */,
				D2804E8E27BC11A300D1CB7D /* MediaSearchViewModel.swift */,
			);
			path = Search;
			sourceTree = "<group>";
		};
		D2804E8D27BC107300D1CB7D /* Home */ = {
			isa = PBXGroup;
			children = (
				D2DC8E9527BC09360009CEFE /* HomePageViewController.swift */,
			);
			path = Home;
			sourceTree = "<group>";
		};
		D2DC8E9727BC09B70009CEFE /* Views */ = {
			isa = PBXGroup;
			children = (
				418FA6AD27B4058300ABEC96 /* Main.storyboard */,
			);
			path = Views;
			sourceTree = "<group>";
		};
/* End PBXGroup section */

/* Begin PBXNativeTarget section */
		418FA6A327B4058300ABEC96 /* StatefulMovieDatabase */ = {
			isa = PBXNativeTarget;
			buildConfigurationList = 418FA6B827B4058500ABEC96 /* Build configuration list for PBXNativeTarget "StatefulMovieDatabase" */;
			buildPhases = (
				418FA6A027B4058300ABEC96 /* Sources */,
				418FA6A127B4058300ABEC96 /* Frameworks */,
				418FA6A227B4058300ABEC96 /* Resources */,
			);
			buildRules = (
			);
			dependencies = (
			);
			name = StatefulMovieDatabase;
			productName = StatefulMovieDatabase;
			productReference = 418FA6A427B4058300ABEC96 /* StatefulMovieDatabase.app */;
			productType = "com.apple.product-type.application";
		};
/* End PBXNativeTarget section */

/* Begin PBXProject section */
		418FA69C27B4058300ABEC96 /* Project object */ = {
			isa = PBXProject;
			attributes = {
				BuildIndependentTargetsInParallel = 1;
				LastSwiftUpdateCheck = 1320;
				LastUpgradeCheck = 1320;
				TargetAttributes = {
					418FA6A327B4058300ABEC96 = {
						CreatedOnToolsVersion = 13.2.1;
					};
				};
			};
			buildConfigurationList = 418FA69F27B4058300ABEC96 /* Build configuration list for PBXProject "StatefulMovieDatabase" */;
			compatibilityVersion = "Xcode 13.0";
			developmentRegion = en;
			hasScannedForEncodings = 0;
			knownRegions = (
				en,
				Base,
			);
			mainGroup = 418FA69B27B4058300ABEC96;
			productRefGroup = 418FA6A527B4058300ABEC96 /* Products */;
			projectDirPath = "";
			projectRoot = "";
			targets = (
				418FA6A327B4058300ABEC96 /* StatefulMovieDatabase */,
			);
		};
/* End PBXProject section */

/* Begin PBXResourcesBuildPhase section */
		418FA6A227B4058300ABEC96 /* Resources */ = {
			isa = PBXResourcesBuildPhase;
			buildActionMask = 2147483647;
			files = (
				D2DC8E9427BC08FE0009CEFE /* MediaSearchViewController.storyboard in Resources */,
				418FA6B427B4058500ABEC96 /* LaunchScreen.storyboard in Resources */,
				418FA6B127B4058500ABEC96 /* Assets.xcassets in Resources */,
				418FA6AF27B4058300ABEC96 /* Main.storyboard in Resources */,
			);
			runOnlyForDeploymentPostprocessing = 0;
		};
/* End PBXResourcesBuildPhase section */

/* Begin PBXSourcesBuildPhase section */
		418FA6A027B4058300ABEC96 /* Sources */ = {
			isa = PBXSourcesBuildPhase;
			buildActionMask = 2147483647;
			files = (
				41990FB627B4CA590093B4DB /* MovieListTableViewController.swift in Sources */,
				41990FBA27B54E230093B4DB /* NetworkError.swift in Sources */,
				D2804E8F27BC11A300D1CB7D /* MediaSearchViewModel.swift in Sources */,
				41990FB427B4CA170093B4DB /* NetworkController.swift in Sources */,
				41990FB827B4CAAF0093B4DB /* MovieTableViewCell.swift in Sources */,
				D2DC8E9627BC09360009CEFE /* HomePageViewController.swift in Sources */,
				418FA6A827B4058300ABEC96 /* AppDelegate.swift in Sources */,
				41990FB227B4C9EF0093B4DB /* Movie.swift in Sources */,
				418FA6AA27B4058300ABEC96 /* SceneDelegate.swift in Sources */,
			);
			runOnlyForDeploymentPostprocessing = 0;
		};
/* End PBXSourcesBuildPhase section */

/* Begin PBXVariantGroup section */
		418FA6AD27B4058300ABEC96 /* Main.storyboard */ = {
			isa = PBXVariantGroup;
			children = (
				418FA6AE27B4058300ABEC96 /* Base */,
			);
			name = Main.storyboard;
			sourceTree = "<group>";
		};
		418FA6B227B4058500ABEC96 /* LaunchScreen.storyboard */ = {
			isa = PBXVariantGroup;
			children = (
				418FA6B327B4058500ABEC96 /* Base */,
			);
			name = LaunchScreen.storyboard;
			sourceTree = "<group>";
		};
		D2DC8E9227BC08FE0009CEFE /* MediaSearchViewController.storyboard */ = {
			isa = PBXVariantGroup;
			children = (
				D2DC8E9327BC08FE0009CEFE /* Base */,
			);
			name = MediaSearchViewController.storyboard;
			sourceTree = "<group>";
		};
/* End PBXVariantGroup section */

/* Begin XCBuildConfiguration section */
		418FA6B627B4058500ABEC96 /* Debug */ = {
			isa = XCBuildConfiguration;
			buildSettings = {
				ALWAYS_SEARCH_USER_PATHS = NO;
				CLANG_ANALYZER_NONNULL = YES;
				CLANG_ANALYZER_NUMBER_OBJECT_CONVERSION = YES_AGGRESSIVE;
				CLANG_CXX_LANGUAGE_STANDARD = "gnu++17";
				CLANG_CXX_LIBRARY = "libc++";
				CLANG_ENABLE_MODULES = YES;
				CLANG_ENABLE_OBJC_ARC = YES;
				CLANG_ENABLE_OBJC_WEAK = YES;
				CLANG_WARN_BLOCK_CAPTURE_AUTORELEASING = YES;
				CLANG_WARN_BOOL_CONVERSION = YES;
				CLANG_WARN_COMMA = YES;
				CLANG_WARN_CONSTANT_CONVERSION = YES;
				CLANG_WARN_DEPRECATED_OBJC_IMPLEMENTATIONS = YES;
				CLANG_WARN_DIRECT_OBJC_ISA_USAGE = YES_ERROR;
				CLANG_WARN_DOCUMENTATION_COMMENTS = YES;
				CLANG_WARN_EMPTY_BODY = YES;
				CLANG_WARN_ENUM_CONVERSION = YES;
				CLANG_WARN_INFINITE_RECURSION = YES;
				CLANG_WARN_INT_CONVERSION = YES;
				CLANG_WARN_NON_LITERAL_NULL_CONVERSION = YES;
				CLANG_WARN_OBJC_IMPLICIT_RETAIN_SELF = YES;
				CLANG_WARN_OBJC_LITERAL_CONVERSION = YES;
				CLANG_WARN_OBJC_ROOT_CLASS = YES_ERROR;
				CLANG_WARN_QUOTED_INCLUDE_IN_FRAMEWORK_HEADER = YES;
				CLANG_WARN_RANGE_LOOP_ANALYSIS = YES;
				CLANG_WARN_STRICT_PROTOTYPES = YES;
				CLANG_WARN_SUSPICIOUS_MOVE = YES;
				CLANG_WARN_UNGUARDED_AVAILABILITY = YES_AGGRESSIVE;
				CLANG_WARN_UNREACHABLE_CODE = YES;
				CLANG_WARN__DUPLICATE_METHOD_MATCH = YES;
				COPY_PHASE_STRIP = NO;
				DEBUG_INFORMATION_FORMAT = dwarf;
				ENABLE_STRICT_OBJC_MSGSEND = YES;
				ENABLE_TESTABILITY = YES;
				GCC_C_LANGUAGE_STANDARD = gnu11;
				GCC_DYNAMIC_NO_PIC = NO;
				GCC_NO_COMMON_BLOCKS = YES;
				GCC_OPTIMIZATION_LEVEL = 0;
				GCC_PREPROCESSOR_DEFINITIONS = (
					"DEBUG=1",
					"$(inherited)",
				);
				GCC_WARN_64_TO_32_BIT_CONVERSION = YES;
				GCC_WARN_ABOUT_RETURN_TYPE = YES_ERROR;
				GCC_WARN_UNDECLARED_SELECTOR = YES;
				GCC_WARN_UNINITIALIZED_AUTOS = YES_AGGRESSIVE;
				GCC_WARN_UNUSED_FUNCTION = YES;
				GCC_WARN_UNUSED_VARIABLE = YES;
				IPHONEOS_DEPLOYMENT_TARGET = 15.2;
				MTL_ENABLE_DEBUG_INFO = INCLUDE_SOURCE;
				MTL_FAST_MATH = YES;
				ONLY_ACTIVE_ARCH = YES;
				SDKROOT = iphoneos;
				SWIFT_ACTIVE_COMPILATION_CONDITIONS = DEBUG;
				SWIFT_OPTIMIZATION_LEVEL = "-Onone";
			};
			name = Debug;
		};
		418FA6B727B4058500ABEC96 /* Release */ = {
			isa = XCBuildConfiguration;
			buildSettings = {
				ALWAYS_SEARCH_USER_PATHS = NO;
				CLANG_ANALYZER_NONNULL = YES;
				CLANG_ANALYZER_NUMBER_OBJECT_CONVERSION = YES_AGGRESSIVE;
				CLANG_CXX_LANGUAGE_STANDARD = "gnu++17";
				CLANG_CXX_LIBRARY = "libc++";
				CLANG_ENABLE_MODULES = YES;
				CLANG_ENABLE_OBJC_ARC = YES;
				CLANG_ENABLE_OBJC_WEAK = YES;
				CLANG_WARN_BLOCK_CAPTURE_AUTORELEASING = YES;
				CLANG_WARN_BOOL_CONVERSION = YES;
				CLANG_WARN_COMMA = YES;
				CLANG_WARN_CONSTANT_CONVERSION = YES;
				CLANG_WARN_DEPRECATED_OBJC_IMPLEMENTATIONS = YES;
				CLANG_WARN_DIRECT_OBJC_ISA_USAGE = YES_ERROR;
				CLANG_WARN_DOCUMENTATION_COMMENTS = YES;
				CLANG_WARN_EMPTY_BODY = YES;
				CLANG_WARN_ENUM_CONVERSION = YES;
				CLANG_WARN_INFINITE_RECURSION = YES;
				CLANG_WARN_INT_CONVERSION = YES;
				CLANG_WARN_NON_LITERAL_NULL_CONVERSION = YES;
				CLANG_WARN_OBJC_IMPLICIT_RETAIN_SELF = YES;
				CLANG_WARN_OBJC_LITERAL_CONVERSION = YES;
				CLANG_WARN_OBJC_ROOT_CLASS = YES_ERROR;
				CLANG_WARN_QUOTED_INCLUDE_IN_FRAMEWORK_HEADER = YES;
				CLANG_WARN_RANGE_LOOP_ANALYSIS = YES;
				CLANG_WARN_STRICT_PROTOTYPES = YES;
				CLANG_WARN_SUSPICIOUS_MOVE = YES;
				CLANG_WARN_UNGUARDED_AVAILABILITY = YES_AGGRESSIVE;
				CLANG_WARN_UNREACHABLE_CODE = YES;
				CLANG_WARN__DUPLICATE_METHOD_MATCH = YES;
				COPY_PHASE_STRIP = NO;
				DEBUG_INFORMATION_FORMAT = "dwarf-with-dsym";
				ENABLE_NS_ASSERTIONS = NO;
				ENABLE_STRICT_OBJC_MSGSEND = YES;
				GCC_C_LANGUAGE_STANDARD = gnu11;
				GCC_NO_COMMON_BLOCKS = YES;
				GCC_WARN_64_TO_32_BIT_CONVERSION = YES;
				GCC_WARN_ABOUT_RETURN_TYPE = YES_ERROR;
				GCC_WARN_UNDECLARED_SELECTOR = YES;
				GCC_WARN_UNINITIALIZED_AUTOS = YES_AGGRESSIVE;
				GCC_WARN_UNUSED_FUNCTION = YES;
				GCC_WARN_UNUSED_VARIABLE = YES;
				IPHONEOS_DEPLOYMENT_TARGET = 15.2;
				MTL_ENABLE_DEBUG_INFO = NO;
				MTL_FAST_MATH = YES;
				SDKROOT = iphoneos;
				SWIFT_COMPILATION_MODE = wholemodule;
				SWIFT_OPTIMIZATION_LEVEL = "-O";
				VALIDATE_PRODUCT = YES;
			};
			name = Release;
		};
		418FA6B927B4058500ABEC96 /* Debug */ = {
			isa = XCBuildConfiguration;
			buildSettings = {
				ASSETCATALOG_COMPILER_APPICON_NAME = AppIcon;
				ASSETCATALOG_COMPILER_GLOBAL_ACCENT_COLOR_NAME = AccentColor;
				CODE_SIGN_STYLE = Automatic;
				CURRENT_PROJECT_VERSION = 1;
				DEVELOPMENT_TEAM = 4J7B9732LY;
				GENERATE_INFOPLIST_FILE = YES;
				INFOPLIST_FILE = "StatefulMovieDatabase/Supporting Files/Info.plist";
				INFOPLIST_KEY_UIApplicationSupportsIndirectInputEvents = YES;
				INFOPLIST_KEY_UILaunchStoryboardName = LaunchScreen;
				INFOPLIST_KEY_UIMainStoryboardFile = Main;
				INFOPLIST_KEY_UISupportedInterfaceOrientations_iPad = "UIInterfaceOrientationPortrait UIInterfaceOrientationPortraitUpsideDown UIInterfaceOrientationLandscapeLeft UIInterfaceOrientationLandscapeRight";
				INFOPLIST_KEY_UISupportedInterfaceOrientations_iPhone = "UIInterfaceOrientationPortrait UIInterfaceOrientationLandscapeLeft UIInterfaceOrientationLandscapeRight";
				LD_RUNPATH_SEARCH_PATHS = (
					"$(inherited)",
					"@executable_path/Frameworks",
				);
				MARKETING_VERSION = 1.0;
				PRODUCT_BUNDLE_IDENTIFIER = Stateful.StatefulMovieDatabase;
				PRODUCT_NAME = "$(TARGET_NAME)";
				SWIFT_EMIT_LOC_STRINGS = YES;
				SWIFT_VERSION = 5.0;
				TARGETED_DEVICE_FAMILY = "1,2";
			};
			name = Debug;
		};
		418FA6BA27B4058500ABEC96 /* Release */ = {
			isa = XCBuildConfiguration;
			buildSettings = {
				ASSETCATALOG_COMPILER_APPICON_NAME = AppIcon;
				ASSETCATALOG_COMPILER_GLOBAL_ACCENT_COLOR_NAME = AccentColor;
				CODE_SIGN_STYLE = Automatic;
				CURRENT_PROJECT_VERSION = 1;
				DEVELOPMENT_TEAM = 4J7B9732LY;
				GENERATE_INFOPLIST_FILE = YES;
				INFOPLIST_FILE = "StatefulMovieDatabase/Supporting Files/Info.plist";
				INFOPLIST_KEY_UIApplicationSupportsIndirectInputEvents = YES;
				INFOPLIST_KEY_UILaunchStoryboardName = LaunchScreen;
				INFOPLIST_KEY_UIMainStoryboardFile = Main;
				INFOPLIST_KEY_UISupportedInterfaceOrientations_iPad = "UIInterfaceOrientationPortrait UIInterfaceOrientationPortraitUpsideDown UIInterfaceOrientationLandscapeLeft UIInterfaceOrientationLandscapeRight";
				INFOPLIST_KEY_UISupportedInterfaceOrientations_iPhone = "UIInterfaceOrientationPortrait UIInterfaceOrientationLandscapeLeft UIInterfaceOrientationLandscapeRight";
				LD_RUNPATH_SEARCH_PATHS = (
					"$(inherited)",
					"@executable_path/Frameworks",
				);
				MARKETING_VERSION = 1.0;
				PRODUCT_BUNDLE_IDENTIFIER = Stateful.StatefulMovieDatabase;
				PRODUCT_NAME = "$(TARGET_NAME)";
				SWIFT_EMIT_LOC_STRINGS = YES;
				SWIFT_VERSION = 5.0;
				TARGETED_DEVICE_FAMILY = "1,2";
			};
			name = Release;
		};
/* End XCBuildConfiguration section */

/* Begin XCConfigurationList section */
		418FA69F27B4058300ABEC96 /* Build configuration list for PBXProject "StatefulMovieDatabase" */ = {
			isa = XCConfigurationList;
			buildConfigurations = (
				418FA6B627B4058500ABEC96 /* Debug */,
				418FA6B727B4058500ABEC96 /* Release */,
			);
			defaultConfigurationIsVisible = 0;
			defaultConfigurationName = Release;
		};
		418FA6B827B4058500ABEC96 /* Build configuration list for PBXNativeTarget "StatefulMovieDatabase" */ = {
			isa = XCConfigurationList;
			buildConfigurations = (
				418FA6B927B4058500ABEC96 /* Debug */,
				418FA6BA27B4058500ABEC96 /* Release */,
			);
			defaultConfigurationIsVisible = 0;
			defaultConfigurationName = Release;
		};
/* End XCConfigurationList section */
	};
	rootObject = 418FA69C27B4058300ABEC96 /* Project object */;
}
